
Microsoft Visual Studio Solution File, Format Version 12.00
# Visual Studio 15
VisualStudioVersion = 15.0.27130.2036
MinimumVisualStudioVersion = 10.0.40219.1
Project("{FAE04EC0-301F-11D3-BF4B-00C04F79EFBC}") = "Poc.Service", "src\Poc.Service\Poc.Service.csproj", "{54220D6A-BA61-4E59-B4A5-42F7C97D12DB}"
EndProject
Project("{FAE04EC0-301F-11D3-BF4B-00C04F79EFBC}") = "Poc.DTO", "src\Poc.DTO\Poc.DTO.csproj", "{EBF9FBC0-3D63-4044-943A-94E379FA29D7}"
EndProject
Project("{FAE04EC0-301F-11D3-BF4B-00C04F79EFBC}") = "Poc.Api", "src\Poc.Api\Poc.Api.csproj", "{72F5C8A2-94F5-4915-B94A-B46776764993}"
EndProject
Project("{FAE04EC0-301F-11D3-BF4B-00C04F79EFBC}") = "Poc.Repository", "src\Poc.Repository\Poc.Repository.csproj", "{321388E7-3BA9-4C71-80E8-0544DAC3D54B}"
EndProject
Project("{FAE04EC0-301F-11D3-BF4B-00C04F79EFBC}") = "Poc.Entities", "src\Poc.Entities\Poc.Entities.csproj", "{E0934256-EB13-4E2E-A9E6-77639D355D3C}"
EndProject
Project("{FAE04EC0-301F-11D3-BF4B-00C04F79EFBC}") = "Poc.Tests", "src\Poc.Tests\Poc.Tests.csproj", "{5E02A89B-153B-4F57-B343-170BC64145DB}"
EndProject
Global
	GlobalSection(SolutionConfigurationPlatforms) = preSolution
		Debug|Any CPU = Debug|Any CPU
		Release|Any CPU = Release|Any CPU
	EndGlobalSection
	GlobalSection(ProjectConfigurationPlatforms) = postSolution
		{54220D6A-BA61-4E59-B4A5-42F7C97D12DB}.Debug|Any CPU.ActiveCfg = Debug|Any CPU
		{54220D6A-BA61-4E59-B4A5-42F7C97D12DB}.Debug|Any CPU.Build.0 = Debug|Any CPU
		{54220D6A-BA61-4E59-B4A5-42F7C97D12DB}.Release|Any CPU.ActiveCfg = Release|Any CPU
		{54220D6A-BA61-4E59-B4A5-42F7C97D12DB}.Release|Any CPU.Build.0 = Release|Any CPU
		{EBF9FBC0-3D63-4044-943A-94E379FA29D7}.Debug|Any CPU.ActiveCfg = Debug|Any CPU
		{EBF9FBC0-3D63-4044-943A-94E379FA29D7}.Debug|Any CPU.Build.0 = Debug|Any CPU
		{EBF9FBC0-3D63-4044-943A-94E379FA29D7}.Release|Any CPU.ActiveCfg = Release|Any CPU
		{EBF9FBC0-3D63-4044-943A-94E379FA29D7}.Release|Any CPU.Build.0 = Release|Any CPU
		{72F5C8A2-94F5-4915-B94A-B46776764993}.Debug|Any CPU.ActiveCfg = Debug|Any CPU
		{72F5C8A2-94F5-4915-B94A-B46776764993}.Debug|Any CPU.Build.0 = Debug|Any CPU
		{72F5C8A2-94F5-4915-B94A-B46776764993}.Release|Any CPU.ActiveCfg = Release|Any CPU
		{72F5C8A2-94F5-4915-B94A-B46776764993}.Release|Any CPU.Build.0 = Release|Any CPU
		{321388E7-3BA9-4C71-80E8-0544DAC3D54B}.Debug|Any CPU.ActiveCfg = Debug|Any CPU
		{321388E7-3BA9-4C71-80E8-0544DAC3D54B}.Debug|Any CPU.Build.0 = Debug|Any CPU
		{321388E7-3BA9-4C71-80E8-0544DAC3D54B}.Release|Any CPU.ActiveCfg = Release|Any CPU
		{321388E7-3BA9-4C71-80E8-0544DAC3D54B}.Release|Any CPU.Build.0 = Release|Any CPU
		{E0934256-EB13-4E2E-A9E6-77639D355D3C}.Debug|Any CPU.ActiveCfg = Debug|Any CPU
		{E0934256-EB13-4E2E-A9E6-77639D355D3C}.Debug|Any CPU.Build.0 = Debug|Any CPU
		{E0934256-EB13-4E2E-A9E6-77639D355D3C}.Release|Any CPU.ActiveCfg = Release|Any CPU
		{E0934256-EB13-4E2E-A9E6-77639D355D3C}.Release|Any CPU.Build.0 = Release|Any CPU
		{5E02A89B-153B-4F57-B343-170BC64145DB}.Debug|Any CPU.ActiveCfg = Debug|Any CPU
		{5E02A89B-153B-4F57-B343-170BC64145DB}.Debug|Any CPU.Build.0 = Debug|Any CPU
		{5E02A89B-153B-4F57-B343-170BC64145DB}.Release|Any CPU.ActiveCfg = Release|Any CPU
		{5E02A89B-153B-4F57-B343-170BC64145DB}.Release|Any CPU.Build.0 = Release|Any CPU
	EndGlobalSection
	GlobalSection(SolutionProperties) = preSolution
		HideSolutionNode = FALSE
	EndGlobalSection
	GlobalSection(ExtensibilityGlobals) = postSolution
		SolutionGuid = {5D6EDE3B-7D68-4A59-8C77-8BDECB10425C}
	EndGlobalSection
EndGlobal
